
Microsoft Visual Studio Solution File, Format Version 12.00
# Visual Studio Version 16
VisualStudioVersion = 16.0.30225.117
MinimumVisualStudioVersion = 10.0.40219.1
Project("{FAE04EC0-301F-11D3-BF4B-00C04F79EFBC}") = "Bootstrap4練習2", "Bootstrap4練習2.csproj", "{43885FA3-993D-452F-AB6C-2B4319BCC4DD}"
EndProject
Global
	GlobalSection(SolutionConfigurationPlatforms) = preSolution
		Debug|Any CPU = Debug|Any CPU
		Release|Any CPU = Release|Any CPU
	EndGlobalSection
	GlobalSection(ProjectConfigurationPlatforms) = postSolution
		{43885FA3-993D-452F-AB6C-2B4319BCC4DD}.Debug|Any CPU.ActiveCfg = Debug|Any CPU
		{43885FA3-993D-452F-AB6C-2B4319BCC4DD}.Debug|Any CPU.Build.0 = Debug|Any CPU
		{43885FA3-993D-452F-AB6C-2B4319BCC4DD}.Release|Any CPU.ActiveCfg = Release|Any CPU
		{43885FA3-993D-452F-AB6C-2B4319BCC4DD}.Release|Any CPU.Build.0 = Release|Any CPU
	EndGlobalSection
	GlobalSection(SolutionProperties) = preSolution
		HideSolutionNode = FALSE
	EndGlobalSection
	GlobalSection(ExtensibilityGlobals) = postSolution
		SolutionGuid = {69D96D54-5DB8-46E0-B2B1-B2E30FC9FBB0}
	EndGlobalSection
EndGlobal
